
Microsoft Visual Studio Solution File, Format Version 12.00
# Visual Studio Version 16
VisualStudioVersion = 16.0.31129.286
MinimumVisualStudioVersion = 10.0.40219.1
Project("{FAE04EC0-301F-11D3-BF4B-00C04F79EFBC}") = "PC_Heal_Service", "PC_Heal_Service\PC_Heal_Service.csproj", "{09ADA9FB-2ACF-4545-938D-74EB9FD97043}"
EndProject
Global
	GlobalSection(SolutionConfigurationPlatforms) = preSolution
		Debug|Any CPU = Debug|Any CPU
		Release|Any CPU = Release|Any CPU
	EndGlobalSection
	GlobalSection(ProjectConfigurationPlatforms) = postSolution
		{09ADA9FB-2ACF-4545-938D-74EB9FD97043}.Debug|Any CPU.ActiveCfg = Debug|Any CPU
		{09ADA9FB-2ACF-4545-938D-74EB9FD97043}.Debug|Any CPU.Build.0 = Debug|Any CPU
		{09ADA9FB-2ACF-4545-938D-74EB9FD97043}.Release|Any CPU.ActiveCfg = Release|Any CPU
		{09ADA9FB-2ACF-4545-938D-74EB9FD97043}.Release|Any CPU.Build.0 = Release|Any CPU
	EndGlobalSection
	GlobalSection(SolutionProperties) = preSolution
		HideSolutionNode = FALSE
	EndGlobalSection
	GlobalSection(ExtensibilityGlobals) = postSolution
		SolutionGuid = {12E00A6E-79DA-471B-86DA-A920D3E4109E}
	EndGlobalSection
EndGlobal
